// !$*UTF8*$!
{
	archiveVersion = 1;
	classes = {
	};
	objectVersion = 51;
	objects = {

/* Begin PBXBuildFile section */
		632828512265C8B3005ABD8C /* AppDelegate.swift in Sources */ = {isa = PBXBuildFile; fileRef = 632828502265C8B3005ABD8C /* AppDelegate.swift */; };
		632828582265C8B4005ABD8C /* Assets.xcassets in Resources */ = {isa = PBXBuildFile; fileRef = 632828572265C8B4005ABD8C /* Assets.xcassets */; };
		6328285B2265C8B4005ABD8C /* LaunchScreen.storyboard in Resources */ = {isa = PBXBuildFile; fileRef = 632828592265C8B4005ABD8C /* LaunchScreen.storyboard */; };
		632828682265D39A005ABD8C /* TAMainVC.swift in Sources */ = {isa = PBXBuildFile; fileRef = 632828672265D39A005ABD8C /* TAMainVC.swift */; };
		6328286C2265D5AD005ABD8C /* TAOverViewVC.swift in Sources */ = {isa = PBXBuildFile; fileRef = 6328286B2265D5AD005ABD8C /* TAOverViewVC.swift */; };
		96B26022420B2811CCC30F59 /* Pods_TextureDemo.framework in Frameworks */ = {isa = PBXBuildFile; fileRef = 080C161B9DA18F3BB41A3F91 /* Pods_TextureDemo.framework */; };
/* End PBXBuildFile section */

/* Begin PBXFileReference section */
		080C161B9DA18F3BB41A3F91 /* Pods_TextureDemo.framework */ = {isa = PBXFileReference; explicitFileType = wrapper.framework; includeInIndex = 0; path = Pods_TextureDemo.framework; sourceTree = BUILT_PRODUCTS_DIR; };
		2374585B741C93C5C22FB648 /* Pods-TextureDemo.release.xcconfig */ = {isa = PBXFileReference; includeInIndex = 1; lastKnownFileType = text.xcconfig; name = "Pods-TextureDemo.release.xcconfig"; path = "Pods/Target Support Files/Pods-TextureDemo/Pods-TextureDemo.release.xcconfig"; sourceTree = "<group>"; };
		6328284D2265C8B3005ABD8C /* TextureDemo.app */ = {isa = PBXFileReference; explicitFileType = wrapper.application; includeInIndex = 0; path = TextureDemo.app; sourceTree = BUILT_PRODUCTS_DIR; };
		632828502265C8B3005ABD8C /* AppDelegate.swift */ = {isa = PBXFileReference; lastKnownFileType = sourcecode.swift; path = AppDelegate.swift; sourceTree = "<group>"; };
		632828572265C8B4005ABD8C /* Assets.xcassets */ = {isa = PBXFileReference; lastKnownFileType = folder.assetcatalog; path = Assets.xcassets; sourceTree = "<group>"; };
		6328285A2265C8B4005ABD8C /* Base */ = {isa = PBXFileReference; lastKnownFileType = file.storyboard; name = Base; path = Base.lproj/LaunchScreen.storyboard; sourceTree = "<group>"; };
		6328285C2265C8B4005ABD8C /* Info.plist */ = {isa = PBXFileReference; lastKnownFileType = text.plist.xml; path = Info.plist; sourceTree = "<group>"; };
		632828622265CACA005ABD8C /* TextureDemo-Bridging-Header.h */ = {isa = PBXFileReference; lastKnownFileType = sourcecode.c.h; path = "TextureDemo-Bridging-Header.h"; sourceTree = "<group>"; };
		632828672265D39A005ABD8C /* TAMainVC.swift */ = {isa = PBXFileReference; lastKnownFileType = sourcecode.swift; path = TAMainVC.swift; sourceTree = "<group>"; };
		6328286B2265D5AD005ABD8C /* TAOverViewVC.swift */ = {isa = PBXFileReference; lastKnownFileType = sourcecode.swift; path = TAOverViewVC.swift; sourceTree = "<group>"; };
		A962DAFF2241A1F5CF6010A0 /* Pods-TextureDemo.debug.xcconfig */ = {isa = PBXFileReference; includeInIndex = 1; lastKnownFileType = text.xcconfig; name = "Pods-TextureDemo.debug.xcconfig"; path = "Pods/Target Support Files/Pods-TextureDemo/Pods-TextureDemo.debug.xcconfig"; sourceTree = "<group>"; };
/* End PBXFileReference section */

/* Begin PBXFrameworksBuildPhase section */
		6328284A2265C8B3005ABD8C /* Frameworks */ = {
			isa = PBXFrameworksBuildPhase;
			buildActionMask = 2147483647;
			files = (
				96B26022420B2811CCC30F59 /* Pods_TextureDemo.framework in Frameworks */,
			);
			runOnlyForDeploymentPostprocessing = 0;
		};
/* End PBXFrameworksBuildPhase section */

/* Begin PBXGroup section */
		0F9561F040C6551DF9E4CE41 /* Pods */ = {
			isa = PBXGroup;
			children = (
				A962DAFF2241A1F5CF6010A0 /* Pods-TextureDemo.debug.xcconfig */,
				2374585B741C93C5C22FB648 /* Pods-TextureDemo.release.xcconfig */,
			);
			name = Pods;
			sourceTree = "<group>";
		};
		632828442265C8B3005ABD8C = {
			isa = PBXGroup;
			children = (
				6328284F2265C8B3005ABD8C /* TextureDemo */,
				6328284E2265C8B3005ABD8C /* Products */,
				0F9561F040C6551DF9E4CE41 /* Pods */,
				D7A996217AB46BC15C5D0767 /* Frameworks */,
			);
			sourceTree = "<group>";
		};
		6328284E2265C8B3005ABD8C /* Products */ = {
			isa = PBXGroup;
			children = (
				6328284D2265C8B3005ABD8C /* TextureDemo.app */,
			);
			name = Products;
			sourceTree = "<group>";
		};
		6328284F2265C8B3005ABD8C /* TextureDemo */ = {
			isa = PBXGroup;
			children = (
				6328286A2265D565005ABD8C /* OverView */,
				632828662265D307005ABD8C /* SupportingFiles */,
			);
			path = TextureDemo;
			sourceTree = "<group>";
		};
		632828662265D307005ABD8C /* SupportingFiles */ = {
			isa = PBXGroup;
			children = (
				632828502265C8B3005ABD8C /* AppDelegate.swift */,
				632828672265D39A005ABD8C /* TAMainVC.swift */,
				632828572265C8B4005ABD8C /* Assets.xcassets */,
				632828592265C8B4005ABD8C /* LaunchScreen.storyboard */,
				6328285C2265C8B4005ABD8C /* Info.plist */,
				632828622265CACA005ABD8C /* TextureDemo-Bridging-Header.h */,
			);
			name = SupportingFiles;
			sourceTree = "<group>";
		};
		6328286A2265D565005ABD8C /* OverView */ = {
			isa = PBXGroup;
			children = (
				6328286B2265D5AD005ABD8C /* TAOverViewVC.swift */,
			);
			path = OverView;
			sourceTree = "<group>";
		};
		D7A996217AB46BC15C5D0767 /* Frameworks */ = {
			isa = PBXGroup;
			children = (
				080C161B9DA18F3BB41A3F91 /* Pods_TextureDemo.framework */,
			);
			name = Frameworks;
			sourceTree = "<group>";
		};
/* End PBXGroup section */

/* Begin PBXNativeTarget section */
		6328284C2265C8B3005ABD8C /* TextureDemo */ = {
			isa = PBXNativeTarget;
			buildConfigurationList = 6328285F2265C8B4005ABD8C /* Build configuration list for PBXNativeTarget "TextureDemo" */;
			buildPhases = (
				6F367B9BD122489EF768E714 /* [CP] Check Pods Manifest.lock */,
				632828492265C8B3005ABD8C /* Sources */,
				6328284A2265C8B3005ABD8C /* Frameworks */,
				6328284B2265C8B3005ABD8C /* Resources */,
				2AF656B54C9BFEFA1AB48275 /* [CP] Embed Pods Frameworks */,
			);
			buildRules = (
			);
			dependencies = (
			);
			name = TextureDemo;
			productName = TextureDemo;
			productReference = 6328284D2265C8B3005ABD8C /* TextureDemo.app */;
			productType = "com.apple.product-type.application";
		};
/* End PBXNativeTarget section */

/* Begin PBXProject section */
		632828452265C8B3005ABD8C /* Project object */ = {
			isa = PBXProject;
			attributes = {
				CLASSPREFIX = TA;
				LastSwiftUpdateCheck = 1020;
				LastUpgradeCheck = 1020;
				ORGANIZATIONNAME = www.TabCen.com;
				TargetAttributes = {
					6328284C2265C8B3005ABD8C = {
						CreatedOnToolsVersion = 10.2;
						LastSwiftMigration = 1020;
					};
				};
			};
			buildConfigurationList = 632828482265C8B3005ABD8C /* Build configuration list for PBXProject "TextureDemo" */;
			compatibilityVersion = "Xcode 10.0";
			developmentRegion = en;
			hasScannedForEncodings = 0;
			knownRegions = (
				en,
				Base,
			);
			mainGroup = 632828442265C8B3005ABD8C;
			productRefGroup = 6328284E2265C8B3005ABD8C /* Products */;
			projectDirPath = "";
			projectRoot = "";
			targets = (
				6328284C2265C8B3005ABD8C /* TextureDemo */,
			);
		};
/* End PBXProject section */

/* Begin PBXResourcesBuildPhase section */
		6328284B2265C8B3005ABD8C /* Resources */ = {
			isa = PBXResourcesBuildPhase;
			buildActionMask = 2147483647;
			files = (
				6328285B2265C8B4005ABD8C /* LaunchScreen.storyboard in Resources */,
				632828582265C8B4005ABD8C /* Assets.xcassets in Resources */,
			);
			runOnlyForDeploymentPostprocessing = 0;
		};
/* End PBXResourcesBuildPhase section */

/* Begin PBXShellScriptBuildPhase section */
		2AF656B54C9BFEFA1AB48275 /* [CP] Embed Pods Frameworks */ = {
			isa = PBXShellScriptBuildPhase;
			buildActionMask = 2147483647;
			files = (
			);
			inputPaths = (
				"${SRCROOT}/Pods/Target Support Files/Pods-TextureDemo/Pods-TextureDemo-frameworks.sh",
				"${BUILT_PRODUCTS_DIR}/PINCache/PINCache.framework",
				"${BUILT_PRODUCTS_DIR}/PINOperation/PINOperation.framework",
				"${BUILT_PRODUCTS_DIR}/PINRemoteImage/PINRemoteImage.framework",
				"${BUILT_PRODUCTS_DIR}/Texture/AsyncDisplayKit.framework",
			);
			name = "[CP] Embed Pods Frameworks";
			outputPaths = (
				"${TARGET_BUILD_DIR}/${FRAMEWORKS_FOLDER_PATH}/PINCache.framework",
				"${TARGET_BUILD_DIR}/${FRAMEWORKS_FOLDER_PATH}/PINOperation.framework",
				"${TARGET_BUILD_DIR}/${FRAMEWORKS_FOLDER_PATH}/PINRemoteImage.framework",
				"${TARGET_BUILD_DIR}/${FRAMEWORKS_FOLDER_PATH}/AsyncDisplayKit.framework",
			);
			runOnlyForDeploymentPostprocessing = 0;
			shellPath = /bin/sh;
			shellScript = "\"${SRCROOT}/Pods/Target Support Files/Pods-TextureDemo/Pods-TextureDemo-frameworks.sh\"\n";
			showEnvVarsInLog = 0;
		};
		6F367B9BD122489EF768E714 /* [CP] Check Pods Manifest.lock */ = {
			isa = PBXShellScriptBuildPhase;
			buildActionMask = 2147483647;
			files = (
			);
			inputPaths = (
				"${PODS_PODFILE_DIR_PATH}/Podfile.lock",
				"${PODS_ROOT}/Manifest.lock",
			);
			name = "[CP] Check Pods Manifest.lock";
			outputPaths = (
				"$(DERIVED_FILE_DIR)/Pods-TextureDemo-checkManifestLockResult.txt",
			);
			runOnlyForDeploymentPostprocessing = 0;
			shellPath = /bin/sh;
			shellScript = "diff \"${PODS_PODFILE_DIR_PATH}/Podfile.lock\" \"${PODS_ROOT}/Manifest.lock\" > /dev/null\nif [ $? != 0 ] ; then\n    # print error to STDERR\n    echo \"error: The sandbox is not in sync with the Podfile.lock. Run 'pod install' or update your CocoaPods installation.\" >&2\n    exit 1\nfi\n# This output is used by Xcode 'outputs' to avoid re-running this script phase.\necho \"SUCCESS\" > \"${SCRIPT_OUTPUT_FILE_0}\"\n";
			showEnvVarsInLog = 0;
		};
/* End PBXShellScriptBuildPhase section */

/* Begin PBXSourcesBuildPhase section */
		632828492265C8B3005ABD8C /* Sources */ = {
			isa = PBXSourcesBuildPhase;
			buildActionMask = 2147483647;
			files = (
				632828682265D39A005ABD8C /* TAMainVC.swift in Sources */,
				6328286C2265D5AD005ABD8C /* TAOverViewVC.swift in Sources */,
				632828512265C8B3005ABD8C /* AppDelegate.swift in Sources */,
			);
			runOnlyForDeploymentPostprocessing = 0;
		};
/* End PBXSourcesBuildPhase section */

/* Begin PBXVariantGroup section */
		632828592265C8B4005ABD8C /* LaunchScreen.storyboard */ = {
			isa = PBXVariantGroup;
			children = (
				6328285A2265C8B4005ABD8C /* Base */,
			);
			name = LaunchScreen.storyboard;
			sourceTree = "<group>";
		};
/* End PBXVariantGroup section */

/* Begin XCBuildConfiguration section */
		6328285D2265C8B4005ABD8C /* Debug */ = {
			isa = XCBuildConfiguration;
			buildSettings = {
				ALWAYS_SEARCH_USER_PATHS = NO;
				CLANG_ANALYZER_NONNULL = YES;
				CLANG_ANALYZER_NUMBER_OBJECT_CONVERSION = YES_AGGRESSIVE;
				CLANG_CXX_LANGUAGE_STANDARD = "gnu++14";
				CLANG_CXX_LIBRARY = "libc++";
				CLANG_ENABLE_MODULES = YES;
				CLANG_ENABLE_OBJC_ARC = YES;
				CLANG_ENABLE_OBJC_WEAK = YES;
				CLANG_WARN_BLOCK_CAPTURE_AUTORELEASING = YES;
				CLANG_WARN_BOOL_CONVERSION = YES;
				CLANG_WARN_COMMA = YES;
				CLANG_WARN_CONSTANT_CONVERSION = YES;
				CLANG_WARN_DEPRECATED_OBJC_IMPLEMENTATIONS = YES;
				CLANG_WARN_DIRECT_OBJC_ISA_USAGE = YES_ERROR;
				CLANG_WARN_DOCUMENTATION_COMMENTS = YES;
				CLANG_WARN_EMPTY_BODY = YES;
				CLANG_WARN_ENUM_CONVERSION = YES;
				CLANG_WARN_INFINITE_RECURSION = YES;
				CLANG_WARN_INT_CONVERSION = YES;
				CLANG_WARN_NON_LITERAL_NULL_CONVERSION = YES;
				CLANG_WARN_OBJC_IMPLICIT_RETAIN_SELF = YES;
				CLANG_WARN_OBJC_LITERAL_CONVERSION = YES;
				CLANG_WARN_OBJC_ROOT_CLASS = YES_ERROR;
				CLANG_WARN_RANGE_LOOP_ANALYSIS = YES;
				CLANG_WARN_STRICT_PROTOTYPES = YES;
				CLANG_WARN_SUSPICIOUS_MOVE = YES;
				CLANG_WARN_UNGUARDED_AVAILABILITY = YES_AGGRESSIVE;
				CLANG_WARN_UNREACHABLE_CODE = YES;
				CLANG_WARN__DUPLICATE_METHOD_MATCH = YES;
				CODE_SIGN_IDENTITY = "iPhone Developer";
				COPY_PHASE_STRIP = NO;
				DEBUG_INFORMATION_FORMAT = dwarf;
				ENABLE_STRICT_OBJC_MSGSEND = YES;
				ENABLE_TESTABILITY = YES;
				GCC_C_LANGUAGE_STANDARD = gnu11;
				GCC_DYNAMIC_NO_PIC = NO;
				GCC_NO_COMMON_BLOCKS = YES;
				GCC_OPTIMIZATION_LEVEL = 0;
				GCC_PREPROCESSOR_DEFINITIONS = (
					"DEBUG=1",
					"$(inherited)",
				);
				GCC_WARN_64_TO_32_BIT_CONVERSION = YES;
				GCC_WARN_ABOUT_RETURN_TYPE = YES_ERROR;
				GCC_WARN_UNDECLARED_SELECTOR = YES;
				GCC_WARN_UNINITIALIZED_AUTOS = YES_AGGRESSIVE;
				GCC_WARN_UNUSED_FUNCTION = YES;
				GCC_WARN_UNUSED_VARIABLE = YES;
				IPHONEOS_DEPLOYMENT_TARGET = 12.2;
				MTL_ENABLE_DEBUG_INFO = INCLUDE_SOURCE;
				MTL_FAST_MATH = YES;
				ONLY_ACTIVE_ARCH = YES;
				SDKROOT = iphoneos;
				SWIFT_ACTIVE_COMPILATION_CONDITIONS = DEBUG;
				SWIFT_OPTIMIZATION_LEVEL = "-Onone";
			};
			name = Debug;
		};
		6328285E2265C8B4005ABD8C /* Release */ = {
			isa = XCBuildConfiguration;
			buildSettings = {
				ALWAYS_SEARCH_USER_PATHS = NO;
				CLANG_ANALYZER_NONNULL = YES;
				CLANG_ANALYZER_NUMBER_OBJECT_CONVERSION = YES_AGGRESSIVE;
				CLANG_CXX_LANGUAGE_STANDARD = "gnu++14";
				CLANG_CXX_LIBRARY = "libc++";
				CLANG_ENABLE_MODULES = YES;
				CLANG_ENABLE_OBJC_ARC = YES;
				CLANG_ENABLE_OBJC_WEAK = YES;
				CLANG_WARN_BLOCK_CAPTURE_AUTORELEASING = YES;
				CLANG_WARN_BOOL_CONVERSION = YES;
				CLANG_WARN_COMMA = YES;
				CLANG_WARN_CONSTANT_CONVERSION = YES;
				CLANG_WARN_DEPRECATED_OBJC_IMPLEMENTATIONS = YES;
				CLANG_WARN_DIRECT_OBJC_ISA_USAGE = YES_ERROR;
				CLANG_WARN_DOCUMENTATION_COMMENTS = YES;
				CLANG_WARN_EMPTY_BODY = YES;
				CLANG_WARN_ENUM_CONVERSION = YES;
				CLANG_WARN_INFINITE_RECURSION = YES;
				CLANG_WARN_INT_CONVERSION = YES;
				CLANG_WARN_NON_LITERAL_NULL_CONVERSION = YES;
				CLANG_WARN_OBJC_IMPLICIT_RETAIN_SELF = YES;
				CLANG_WARN_OBJC_LITERAL_CONVERSION = YES;
				CLANG_WARN_OBJC_ROOT_CLASS = YES_ERROR;
				CLANG_WARN_RANGE_LOOP_ANALYSIS = YES;
				CLANG_WARN_STRICT_PROTOTYPES = YES;
				CLANG_WARN_SUSPICIOUS_MOVE = YES;
				CLANG_WARN_UNGUARDED_AVAILABILITY = YES_AGGRESSIVE;
				CLANG_WARN_UNREACHABLE_CODE = YES;
				CLANG_WARN__DUPLICATE_METHOD_MATCH = YES;
				CODE_SIGN_IDENTITY = "iPhone Developer";
				COPY_PHASE_STRIP = NO;
				DEBUG_INFORMATION_FORMAT = "dwarf-with-dsym";
				ENABLE_NS_ASSERTIONS = NO;
				ENABLE_STRICT_OBJC_MSGSEND = YES;
				GCC_C_LANGUAGE_STANDARD = gnu11;
				GCC_NO_COMMON_BLOCKS = YES;
				GCC_WARN_64_TO_32_BIT_CONVERSION = YES;
				GCC_WARN_ABOUT_RETURN_TYPE = YES_ERROR;
				GCC_WARN_UNDECLARED_SELECTOR = YES;
				GCC_WARN_UNINITIALIZED_AUTOS = YES_AGGRESSIVE;
				GCC_WARN_UNUSED_FUNCTION = YES;
				GCC_WARN_UNUSED_VARIABLE = YES;
				IPHONEOS_DEPLOYMENT_TARGET = 12.2;
				MTL_ENABLE_DEBUG_INFO = NO;
				MTL_FAST_MATH = YES;
				SDKROOT = iphoneos;
				SWIFT_COMPILATION_MODE = wholemodule;
				SWIFT_OPTIMIZATION_LEVEL = "-O";
				VALIDATE_PRODUCT = YES;
			};
			name = Release;
		};
		632828602265C8B4005ABD8C /* Debug */ = {
			isa = XCBuildConfiguration;
			baseConfigurationReference = A962DAFF2241A1F5CF6010A0 /* Pods-TextureDemo.debug.xcconfig */;
			buildSettings = {
				ASSETCATALOG_COMPILER_APPICON_NAME = AppIcon;
				CLANG_ENABLE_MODULES = YES;
				CODE_SIGN_STYLE = Automatic;
				DEVELOPMENT_TEAM = 8AB6CHCEM2;
				INFOPLIST_FILE = TextureDemo/Info.plist;
				LD_RUNPATH_SEARCH_PATHS = (
					"$(inherited)",
					"@executable_path/Frameworks",
				);
				PRODUCT_BUNDLE_IDENTIFIER = com.huzhoumengqi.TextureDemo;
				PRODUCT_NAME = "$(TARGET_NAME)";
				SWIFT_OBJC_BRIDGING_HEADER = "TextureDemo/TextureDemo-Bridging-Header.h";
				SWIFT_OPTIMIZATION_LEVEL = "-Onone";
				SWIFT_VERSION = 5.0;
				TARGETED_DEVICE_FAMILY = "1,2";
			};
			name = Debug;
		};
		632828612265C8B4005ABD8C /* Release */ = {
			isa = XCBuildConfiguration;
			baseConfigurationReference = 2374585B741C93C5C22FB648 /* Pods-TextureDemo.release.xcconfig */;
			buildSettings = {
				ASSETCATALOG_COMPILER_APPICON_NAME = AppIcon;
				CLANG_ENABLE_MODULES = YES;
				CODE_SIGN_STYLE = Automatic;
				DEVELOPMENT_TEAM = 8AB6CHCEM2;
				INFOPLIST_FILE = TextureDemo/Info.plist;
				LD_RUNPATH_SEARCH_PATHS = (
					"$(inherited)",
					"@executable_path/Frameworks",
				);
				PRODUCT_BUNDLE_IDENTIFIER = com.huzhoumengqi.TextureDemo;
				PRODUCT_NAME = "$(TARGET_NAME)";
				SWIFT_OBJC_BRIDGING_HEADER = "TextureDemo/TextureDemo-Bridging-Header.h";
				SWIFT_VERSION = 5.0;
				TARGETED_DEVICE_FAMILY = "1,2";
			};
			name = Release;
		};
/* End XCBuildConfiguration section */

/* Begin XCConfigurationList section */
		632828482265C8B3005ABD8C /* Build configuration list for PBXProject "TextureDemo" */ = {
			isa = XCConfigurationList;
			buildConfigurations = (
				6328285D2265C8B4005ABD8C /* Debug */,
				6328285E2265C8B4005ABD8C /* Release */,
			);
			defaultConfigurationIsVisible = 0;
			defaultConfigurationName = Release;
		};
		6328285F2265C8B4005ABD8C /* Build configuration list for PBXNativeTarget "TextureDemo" */ = {
			isa = XCConfigurationList;
			buildConfigurations = (
				632828602265C8B4005ABD8C /* Debug */,
				632828612265C8B4005ABD8C /* Release */,
			);
			defaultConfigurationIsVisible = 0;
			defaultConfigurationName = Release;
		};
/* End XCConfigurationList section */
	};
	rootObject = 632828452265C8B3005ABD8C /* Project object */;
}
